Microsoft Visual Studio Solution File, Format Version 11.00
# Visual Studio 2008

Project("{2F8CF002-B9BC-56AC-CCBB-72CED693DC7C}") = "Objects Race", "Assembly-CSharp.csproj", "{BE373050-4B7B-B73F-3183-2C212E673C66}"
EndProject
Global
	GlobalSection(SolutionConfigurationPlatforms) = preSolution
		Debug|Any CPU = Debug|Any CPU
		Release|Any CPU = Release|Any CPU
	EndGlobalSection
	GlobalSection(ProjectConfigurationPlatforms) = postSolution
		{BE373050-4B7B-B73F-3183-2C212E673C66}.Debug|Any CPU.ActiveCfg = Debug|Any CPU
		{BE373050-4B7B-B73F-3183-2C212E673C66}.Debug|Any CPU.Build.0 = Debug|Any CPU
		{BE373050-4B7B-B73F-3183-2C212E673C66}.Release|Any CPU.ActiveCfg = Release|Any CPU
		{BE373050-4B7B-B73F-3183-2C212E673C66}.Release|Any CPU.Build.0 = Release|Any CPU
	EndGlobalSection
	GlobalSection(SolutionProperties) = preSolution
		HideSolutionNode = FALSE
	EndGlobalSection
	GlobalSection(MonoDevelopProperties) = preSolution
		StartupItem = Assembly-CSharp.csproj
	EndGlobalSection
EndGlobal
